<?xml version="1.0" encoding="utf-8"?>
<Project ToolsVersion="4.0" xmlns="http://schemas.microsoft.com/developer/msbuild/2003">
  <ItemGroup>
    <Filter Include="Source Files">
      <UniqueIdentifier>{4FC737F1-C7A5-4376-A066-2A32D752A2FF}</UniqueIdentifier>
      <Extensions>cpp;c;cxx;def;odl;idl;hpj;bat;asm;asmx</Extensions>
    </Filter>
    <Filter Include="Header Files">
      <UniqueIdentifier>{93995380-89BD-4b04-88EB-625FBE52EBFB}</UniqueIdentifier>
      <Extensions>h;hpp;hxx;hm;inl;inc;xsd</Extensions>
    </Filter>
    <Filter Include="Resource Files">
      <UniqueIdentifier>{67DA6AB6-F800-4c08-8B7A-83BB121AAD01}</UniqueIdentifier>
      <Extensions>rc;ico;cur;bmp;dlg;rc2;rct;bin;rgs;gif;jpg;jpeg;jpe;resx</Extensions>
    </Filter>
    <Filter Include="Header Files\git">
      <UniqueIdentifier>{76447048-800b-40b8-af05-3e97e5bd07a3}</UniqueIdentifier>
    </Filter>
    <Filter Include="Header Files\gitcmdline">
      <UniqueIdentifier>{f4f21b68-7013-4650-834f-171aba5112fb}</UniqueIdentifier>
    </Filter>
    <Filter Include="Header Files\grepo">
      <UniqueIdentifier>{516f3acb-9f30-4400-89c2-6129d5b08bc1}</UniqueIdentifier>
    </Filter>
    <Filter Include="Header Files\libgit2">
      <UniqueIdentifier>{c03d20d7-c8b8-46a7-8242-27636f61a881}</UniqueIdentifier>
    </Filter>
    <Filter Include="Source Files\git">
      <UniqueIdentifier>{0dacf37c-0d01-4017-ad41-a11b4cb73aeb}</UniqueIdentifier>
    </Filter>
    <Filter Include="Source Files\gitcmdline">
      <UniqueIdentifier>{b7879816-5155-4ae2-9074-601485bc25e0}</UniqueIdentifier>
    </Filter>
    <Filter Include="Source Files\grepo">
      <UniqueIdentifier>{0c86e9da-de91-4fac-a9af-d7e6ba22a2d6}</UniqueIdentifier>
    </Filter>
    <Filter Include="Source Files\libgit2">
      <UniqueIdentifier>{356ef6db-8bcf-4710-a55b-220a3ec8d47f}</UniqueIdentifier>
    </Filter>
    <Filter Include="Header Files\manifest">
      <UniqueIdentifier>{a992b1cc-43a4-4c91-99a6-c42e62b32061}</UniqueIdentifier>
    </Filter>
    <Filter Include="Source Files\manifest">
      <UniqueIdentifier>{b81cd0a9-8b7d-42dc-a26b-ea88a630fcac}</UniqueIdentifier>
    </Filter>
    <Filter Include="Header Files\exe">
      <UniqueIdentifier>{8bd6a88f-a8fe-49b2-96b9-6bf94a43e2f4}</UniqueIdentifier>
    </Filter>
    <Filter Include="Source Files\exe">
      <UniqueIdentifier>{479137d9-ce29-44e1-84fb-62f70801aac2}</UniqueIdentifier>
    </Filter>
    <Filter Include="Header Files\cmake">
      <UniqueIdentifier>{ab9b59f0-d67c-4a1b-95d1-fcf4d36aabd3}</UniqueIdentifier>
    </Filter>
    <Filter Include="Header Files\win32">
      <UniqueIdentifier>{62e5ee0a-b219-463c-8935-2ac77d474ff2}</UniqueIdentifier>
    </Filter>
    <Filter Include="Source Files\win32">
      <UniqueIdentifier>{163f7243-74a9-4217-9c81-57b48e915692}</UniqueIdentifier>
    </Filter>
    <Filter Include="Header Files\libssh2">
      <UniqueIdentifier>{1d8b7ac2-521e-4335-9c27-286c0de73770}</UniqueIdentifier>
    </Filter>
    <Filter Include="Source Files\libssh2">
      <UniqueIdentifier>{5956fe53-80f4-454b-92e1-ef949fc86d1f}</UniqueIdentifier>
    </Filter>
    <Filter Include="Header Files\msvc">
      <UniqueIdentifier>{8ac7e3b6-126e-412e-a731-04f1a5f3bae6}</UniqueIdentifier>
    </Filter>
    <Filter Include="Header Files\cli">
      <UniqueIdentifier>{3a8e9377-dfca-47cc-8dbe-7507f80180e2}</UniqueIdentifier>
    </Filter>
    <Filter Include="Source Files\cli">
      <UniqueIdentifier>{7bea241d-1320-476f-bea9-34908ef42143}</UniqueIdentifier>
    </Filter>
    <Filter Include="Header Files\gitstats">
      <UniqueIdentifier>{5aed014e-7037-4c4f-9536-c2b53b5a7b66}</UniqueIdentifier>
    </Filter>
    <Filter Include="Source Files\gitstats">
      <UniqueIdentifier>{1067f3ed-8d55-4f68-ac22-cedd2bed172d}</UniqueIdentifier>
    </Filter>
  </ItemGroup>
  <ItemGroup>
    <ClCompile Include="..\..\src\esys\repo\esysrepo_dll.cpp">
      <Filter>Source Files</Filter>
    </ClCompile>
    <ClCompile Include="..\..\src\esys\repo\esysrepo_prec.cpp">
      <Filter>Source Files</Filter>
    </ClCompile>
    <ClCompile Include="..\..\src\esys\repo\git\remote_git.cpp">
      <Filter>Source Files\git</Filter>
    </ClCompile>
    <ClCompile Include="..\..\src\esys\repo\gitcmdline\git_cmdline.cpp">
      <Filter>Source Files\gitcmdline</Filter>
    </ClCompile>
    <ClCompile Include="..\..\src\esys\repo\libgit2\git_libgit2.cpp">
      <Filter>Source Files\libgit2</Filter>
    </ClCompile>
    <ClCompile Include="..\..\src\esys\repo\libgit2\gitimpl_libgit2.cpp">
      <Filter>Source Files\libgit2</Filter>
    </ClCompile>
    <ClCompile Include="..\..\src\esys\repo\gitbase.cpp">
      <Filter>Source Files</Filter>
    </ClCompile>
    <ClCompile Include="..\..\src\esys\repo\git\branch_git.cpp">
      <Filter>Source Files\git</Filter>
    </ClCompile>
    <ClCompile Include="..\..\src\esys\repo\libgit2\libgit2.cpp">
      <Filter>Source Files\libgit2</Filter>
    </ClCompile>
    <ClCompile Include="..\..\src\esys\repo\libgit2\guardrelease_libgit2.cpp">
      <Filter>Source Files\libgit2</Filter>
    </ClCompile>
    <ClCompile Include="..\..\src\esys\repo\grepo\manifest_grepo.cpp">
      <Filter>Source Files\grepo</Filter>
    </ClCompile>
    <ClCompile Include="..\..\src\esys\repo\manifest.cpp">
      <Filter>Source Files</Filter>
    </ClCompile>
    <ClCompile Include="..\..\src\esys\repo\manifest\location_manifest.cpp">
      <Filter>Source Files\manifest</Filter>
    </ClCompile>
    <ClCompile Include="..\..\src\esys\repo\manifest\repository_manifest.cpp">
      <Filter>Source Files\manifest</Filter>
    </ClCompile>
    <ClCompile Include="..\..\src\esys\repo\grepo\manifestimpl_grepo.cpp">
      <Filter>Source Files\grepo</Filter>
    </ClCompile>
    <ClCompile Include="..\..\src\esys\repo\exe\cmdinit.cpp">
      <Filter>Source Files\exe</Filter>
    </ClCompile>
    <ClCompile Include="..\..\src\esys\repo\configfolder.cpp">
      <Filter>Source Files</Filter>
    </ClCompile>
    <ClCompile Include="..\..\src\esys\repo\exe\cmdsync.cpp">
      <Filter>Source Files\exe</Filter>
    </ClCompile>
    <ClCompile Include="..\..\src\esys\repo\configfile.cpp">
      <Filter>Source Files</Filter>
    </ClCompile>
    <ClCompile Include="..\..\src\esys\repo\configfileimpl.cpp">
      <Filter>Source Files</Filter>
    </ClCompile>
    <ClCompile Include="..\..\src\esys\repo\config.cpp">
      <Filter>Source Files</Filter>
    </ClCompile>
    <ClCompile Include="..\..\src\esys\repo\manifest\type_manifest.cpp">
      <Filter>Source Files\manifest</Filter>
    </ClCompile>
    <ClCompile Include="..\..\src\esys\repo\manifest\xmlfile.cpp">
      <Filter>Source Files\manifest</Filter>
    </ClCompile>
    <ClCompile Include="..\..\src\esys\repo\manifest\xmlfileimpl_manifest.cpp">
      <Filter>Source Files\manifest</Filter>
    </ClCompile>
    <ClCompile Include="..\..\src\esys\repo\filesystem.cpp">
      <Filter>Source Files</Filter>
    </ClCompile>
    <ClCompile Include="..\..\src\esys\repo\exe\cmd.cpp">
      <Filter>Source Files\exe</Filter>
    </ClCompile>
    <ClCompile Include="..\..\src\esys\repo\githelper.cpp">
      <Filter>Source Files</Filter>
    </ClCompile>
    <ClCompile Include="..\..\src\esys\repo\exe\cmdlist.cpp">
      <Filter>Source Files\exe</Filter>
    </ClCompile>
    <ClCompile Include="..\..\src\esys\repo\exe\cmdinfo.cpp">
      <Filter>Source Files\exe</Filter>
    </ClCompile>
    <ClCompile Include="..\..\src\esys\repo\manifest\loaderbase_manifest.cpp">
      <Filter>Source Files\manifest</Filter>
    </ClCompile>
    <ClCompile Include="..\..\src\esys\repo\manifest\loader_manifest.cpp">
      <Filter>Source Files\manifest</Filter>
    </ClCompile>
    <ClCompile Include="..\..\src\esys\repo\manifest\loadergrepo_manifest.cpp">
      <Filter>Source Files\manifest</Filter>
    </ClCompile>
    <ClCompile Include="..\..\src\esys\repo\manifest\loadergitsuper_manifest.cpp">
      <Filter>Source Files\manifest</Filter>
    </ClCompile>
    <ClCompile Include="..\..\src\esys\repo\manifest\loaderesysrepo_manifest.cpp">
      <Filter>Source Files\manifest</Filter>
    </ClCompile>
    <ClCompile Include="..\..\src\esys\repo\manifest\syncrepos_manifest.cpp">
      <Filter>Source Files\manifest</Filter>
    </ClCompile>
    <ClCompile Include="..\..\src\esys\repo\exe\cmdstatus.cpp">
      <Filter>Source Files\exe</Filter>
    </ClCompile>
    <ClCompile Include="..\..\src\esys\repo\git\status_git.cpp">
      <Filter>Source Files\git</Filter>
    </ClCompile>
    <ClCompile Include="..\..\src\esys\repo\git\repostatus_git.cpp">
      <Filter>Source Files\git</Filter>
    </ClCompile>
    <ClCompile Include="..\..\src\esys\repo\git\diffdelta_git.cpp">
      <Filter>Source Files\git</Filter>
    </ClCompile>
    <ClCompile Include="..\..\src\esys\repo\git\difffile_git.cpp">
      <Filter>Source Files\git</Filter>
    </ClCompile>
    <ClCompile Include="..\..\src\esys\repo\git\filestatus_git.cpp">
      <Filter>Source Files\git</Filter>
    </ClCompile>
    <ClCompile Include="..\..\src\esys\repo\manifest\taskbase_manifest.cpp">
      <Filter>Source Files\manifest</Filter>
    </ClCompile>
    <ClCompile Include="..\..\src\esys\repo\manifest\runtasks_manifest.cpp">
      <Filter>Source Files\manifest</Filter>
    </ClCompile>
    <ClCompile Include="..\..\src\esys\repo\win32\cmdlineapp_win32.cpp">
      <Filter>Source Files\win32</Filter>
    </ClCompile>
    <ClCompile Include="..\..\src\esys\repo\git\progress_git.cpp">
      <Filter>Source Files\git</Filter>
    </ClCompile>
    <ClCompile Include="..\..\src\esys\repo\progresscallbackbase.cpp">
      <Filter>Source Files</Filter>
    </ClCompile>
    <ClCompile Include="..\..\src\esys\repo\manifest\syncrepo_manifest.cpp">
      <Filter>Source Files\manifest</Filter>
    </ClCompile>
    <ClCompile Include="..\..\src\esys\repo\manifest\workerthread_manifest.cpp">
      <Filter>Source Files\manifest</Filter>
    </ClCompile>
    <ClCompile Include="..\..\src\esys\repo\git\updatetip_git.cpp">
      <Filter>Source Files\git</Filter>
    </ClCompile>
    <ClCompile Include="..\..\src\esys\repo\git\branches_git.cpp">
      <Filter>Source Files\git</Filter>
    </ClCompile>
    <ClCompile Include="..\..\src\esys\repo\libgit2\guardassign_libgit2.cpp">
      <Filter>Source Files\libgit2</Filter>
    </ClCompile>
    <ClCompile Include="..\..\src\esys\repo\manifest\sync_manifest.cpp">
      <Filter>Source Files\manifest</Filter>
    </ClCompile>
    <ClCompile Include="..\..\src\esys\repo\sshbase.cpp">
      <Filter>Source Files</Filter>
    </ClCompile>
    <ClCompile Include="..\..\src\esys\repo\libssh2\ssh_libssh2.cpp">
      <Filter>Source Files\libssh2</Filter>
    </ClCompile>
    <ClCompile Include="..\..\src\esys\repo\libssh2\sshimpl_libssh2.cpp">
      <Filter>Source Files\libssh2</Filter>
    </ClCompile>
    <ClCompile Include="..\..\src\esys\repo\libgit2\guardsrelease_libgit2.cpp">
      <Filter>Source Files\libgit2</Filter>
    </ClCompile>
    <ClCompile Include="..\..\src\esys\repo\manifest\group_manifest.cpp">
      <Filter>Source Files\manifest</Filter>
    </ClCompile>
    <ClCompile Include="..\..\src\esys\repo\manifest\groups_manifest.cpp">
      <Filter>Source Files\manifest</Filter>
    </ClCompile>
    <ClCompile Include="..\..\src\esys\repo\exe\cmdmanifest.cpp">
      <Filter>Source Files\exe</Filter>
    </ClCompile>
    <ClCompile Include="..\..\src\esys\repo\cli\cmd_cli.cpp">
      <Filter>Source Files\cli</Filter>
    </ClCompile>
    <ClCompile Include="..\..\src\esys\repo\cli\cmdinit_cli.cpp">
      <Filter>Source Files\cli</Filter>
    </ClCompile>
    <ClCompile Include="..\..\src\esys\repo\cli\appbase.cpp">
      <Filter>Source Files\cli</Filter>
    </ClCompile>
    <ClCompile Include="..\..\src\esys\repo\cli\app.cpp">
      <Filter>Source Files\cli</Filter>
    </ClCompile>
    <ClCompile Include="..\..\src\esys\repo\gitmngr.cpp">
      <Filter>Source Files</Filter>
    </ClCompile>
    <ClCompile Include="..\..\src\esys\repo\cli\cmdsync_cli.cpp">
      <Filter>Source Files\cli</Filter>
    </ClCompile>
    <ClCompile Include="..\..\src\esys\repo\cli\cmdinfo_cli.cpp">
      <Filter>Source Files\cli</Filter>
    </ClCompile>
    <ClCompile Include="..\..\src\esys\repo\cli\cmdlist_cli.cpp">
      <Filter>Source Files\cli</Filter>
    </ClCompile>
    <ClCompile Include="..\..\src\esys\repo\cli\cmdmanifest_cli.cpp">
      <Filter>Source Files\cli</Filter>
    </ClCompile>
    <ClCompile Include="..\..\src\esys\repo\cli\cmdstatus_cli.cpp">
      <Filter>Source Files\cli</Filter>
    </ClCompile>
    <ClCompile Include="..\..\src\esys\repo\exe\cmdversion.cpp">
      <Filter>Source Files\exe</Filter>
    </ClCompile>
    <ClCompile Include="..\..\src\esys\repo\cli\cmdversion_cli.cpp">
      <Filter>Source Files\cli</Filter>
    </ClCompile>
    <ClCompile Include="..\..\src\esys\repo\exe\cmdhelp.cpp">
      <Filter>Source Files\exe</Filter>
    </ClCompile>
    <ClCompile Include="..\..\src\esys\repo\cli\cmdhelp_cli.cpp">
      <Filter>Source Files\cli</Filter>
    </ClCompile>
    <ClCompile Include="..\..\src\esys\repo\cli\cmdhelp_doc.cpp">
      <Filter>Source Files\cli</Filter>
    </ClCompile>
    <ClCompile Include="..\..\src\esys\repo\cli\cmdinfo_doc.cpp">
      <Filter>Source Files\cli</Filter>
    </ClCompile>
    <ClCompile Include="..\..\src\esys\repo\cli\cmdinit_doc.cpp">
      <Filter>Source Files\cli</Filter>
    </ClCompile>
    <ClCompile Include="..\..\src\esys\repo\cli\cmdlist_doc.cpp">
      <Filter>Source Files\cli</Filter>
    </ClCompile>
    <ClCompile Include="..\..\src\esys\repo\cli\cmdmanifest_doc.cpp">
      <Filter>Source Files\cli</Filter>
    </ClCompile>
    <ClCompile Include="..\..\src\esys\repo\cli\cmdstatus_doc.cpp">
      <Filter>Source Files\cli</Filter>
    </ClCompile>
    <ClCompile Include="..\..\src\esys\repo\cli\cmdsync_doc.cpp">
      <Filter>Source Files\cli</Filter>
    </ClCompile>
    <ClCompile Include="..\..\src\esys\repo\cli\cmdversion_doc.cpp">
      <Filter>Source Files\cli</Filter>
    </ClCompile>
    <ClCompile Include="..\..\src\esys\repo\cli\usage_doc.cpp">
      <Filter>Source Files\cli</Filter>
    </ClCompile>
    <ClCompile Include="..\..\src\esys\repo\manifest\kind_manifest.cpp">
      <Filter>Source Files\manifest</Filter>
    </ClCompile>
    <ClCompile Include="..\..\src\esys\repo\manifest\format_manifest.cpp">
      <Filter>Source Files\manifest</Filter>
    </ClCompile>
    <ClCompile Include="..\..\src\esys\repo\manifest\filebase_manifest.cpp">
      <Filter>Source Files\manifest</Filter>
    </ClCompile>
    <ClCompile Include="..\..\src\esys\repo\manifest\file_manifest.cpp">
      <Filter>Source Files\manifest</Filter>
    </ClCompile>
    <ClCompile Include="..\..\src\esys\repo\manifest\fileerror_manifest.cpp">
      <Filter>Source Files\manifest</Filter>
    </ClCompile>
    <ClCompile Include="..\..\src\esys\repo\manifest\base_manifest.cpp">
      <Filter>Source Files\manifest</Filter>
    </ClCompile>
    <ClCompile Include="..\..\src\esys\repo\cli\cmdenv_cli.cpp">
      <Filter>Source Files\cli</Filter>
    </ClCompile>
    <ClCompile Include="..\..\src\esys\repo\exe\cmdenv.cpp">
      <Filter>Source Files\exe</Filter>
    </ClCompile>
    <ClCompile Include="..\..\src\esys\repo\git\commithash.cpp">
      <Filter>Source Files\git</Filter>
    </ClCompile>
    <ClCompile Include="..\..\src\esys\repo\git\commit.cpp">
      <Filter>Source Files\git</Filter>
    </ClCompile>
    <ClCompile Include="..\..\src\esys\repo\git\walkcommit_git.cpp">
      <Filter>Source Files\git</Filter>
    </ClCompile>
    <ClCompile Include="..\..\src\esys\repo\gitstats\author.cpp">
      <Filter>Source Files\gitstats</Filter>
    </ClCompile>
    <ClCompile Include="..\..\src\esys\repo\gitstats\data.cpp">
      <Filter>Source Files\gitstats</Filter>
    </ClCompile>
    <ClCompile Include="..\..\src\esys\repo\gitstats\datayear.cpp">
      <Filter>Source Files\gitstats</Filter>
    </ClCompile>
    <ClCompile Include="..\..\src\esys\repo\gitstats\dataperiod.cpp">
      <Filter>Source Files\gitstats</Filter>
    </ClCompile>
    <ClCompile Include="..\..\src\esys\repo\gitstats\dataperiodauthor.cpp">
      <Filter>Source Files\gitstats</Filter>
    </ClCompile>
    <ClCompile Include="..\..\src\esys\repo\gitstats\basic.cpp">
      <Filter>Source Files\gitstats</Filter>
    </ClCompile>
    <ClCompile Include="..\..\src\esys\repo\gitstats\authormngr.cpp">
      <Filter>Source Files\gitstats</Filter>
    </ClCompile>
    <ClCompile Include="..\..\src\esys\repo\git\diff_git.cpp">
      <Filter>Source Files\git</Filter>
    </ClCompile>
    <ClCompile Include="..\..\src\esys\repo\result.cpp">
      <Filter>Source Files</Filter>
    </ClCompile>
    <ClCompile Include="..\..\src\esys\repo\errorinfo.cpp">
      <Filter>Source Files</Filter>
    </ClCompile>
    <ClCompile Include="..\..\src\esys\repo\resultcode.cpp">
      <Filter>Source Files</Filter>
    </ClCompile>
    <ClCompile Include="..\..\src\esys\repo\manifest\detect_manifest.cpp">
      <Filter>Source Files\manifest</Filter>
    </ClCompile>
    <ClCompile Include="..\..\src\esys\repo\grepo\folder_grepo.cpp">
      <Filter>Source Files\grepo</Filter>
    </ClCompile>
    <ClCompile Include="..\..\src\esys\repo\manifest\include_manifest.cpp">
      <Filter>Source Files\manifest</Filter>
    </ClCompile>
    <ClCompile Include="..\..\src\esys\repo\loadfolder.cpp">
      <Filter>Source Files</Filter>
    </ClCompile>
    <ClCompile Include="..\..\src\esys\repo\errorstack.cpp">
      <Filter>Source Files</Filter>
    </ClCompile>
  </ItemGroup>
  <ItemGroup>
    <ClInclude Include="..\..\include\esys\repo\esysrepo_defs.h">
      <Filter>Header Files</Filter>
    </ClInclude>
    <ClInclude Include="..\..\include\esys\repo\esysrepo_prec.h">
      <Filter>Header Files</Filter>
    </ClInclude>
    <ClInclude Include="..\..\include\esys\repo\version.h">
      <Filter>Header Files</Filter>
    </ClInclude>
    <ClInclude Include="..\..\include\esys\repo\autolink.h">
      <Filter>Header Files</Filter>
    </ClInclude>
    <ClInclude Include="..\..\include\esys\repo\git.h">
      <Filter>Header Files</Filter>
    </ClInclude>
    <ClInclude Include="..\..\include\esys\repo\gitbase.h">
      <Filter>Header Files</Filter>
    </ClInclude>
    <ClInclude Include="..\..\include\esys\repo\git\remote.h">
      <Filter>Header Files\git</Filter>
    </ClInclude>
    <ClInclude Include="..\..\include\esys\repo\gitcmdline\git.h">
      <Filter>Header Files\gitcmdline</Filter>
    </ClInclude>
    <ClInclude Include="..\..\include\esys\repo\grepo\manifest.h">
      <Filter>Header Files\grepo</Filter>
    </ClInclude>
    <ClInclude Include="..\..\include\esys\repo\libgit2\git.h">
      <Filter>Header Files\libgit2</Filter>
    </ClInclude>
    <ClInclude Include="..\..\src\esys\repo\libgit2\gitimpl.h">
      <Filter>Source Files\libgit2</Filter>
    </ClInclude>
    <ClInclude Include="..\..\include\esys\repo\git\branch.h">
      <Filter>Header Files\git</Filter>
    </ClInclude>
    <ClInclude Include="..\..\include\esys\repo\git\branchtype.h">
      <Filter>Header Files\git</Filter>
    </ClInclude>
    <ClInclude Include="..\..\src\esys\repo\libgit2\libgit2.h">
      <Filter>Source Files\libgit2</Filter>
    </ClInclude>
    <ClInclude Include="..\..\src\esys\repo\libgit2\guardrelease.h">
      <Filter>Source Files\libgit2</Filter>
    </ClInclude>
    <ClInclude Include="..\..\src\esys\repo\libgit2\guard.h">
      <Filter>Source Files\libgit2</Filter>
    </ClInclude>
    <ClInclude Include="..\..\include\esys\repo\manifest.h">
      <Filter>Header Files</Filter>
    </ClInclude>
    <ClInclude Include="..\..\include\esys\repo\manifest\location.h">
      <Filter>Header Files\manifest</Filter>
    </ClInclude>
    <ClInclude Include="..\..\include\esys\repo\manifest\repository.h">
      <Filter>Header Files\manifest</Filter>
    </ClInclude>
    <ClInclude Include="..\..\src\esys\repo\grepo\manifestimpl.h">
      <Filter>Source Files\grepo</Filter>
    </ClInclude>
    <ClInclude Include="..\..\include\esys\repo\exe\cmdinit.h">
      <Filter>Header Files\exe</Filter>
    </ClInclude>
    <ClInclude Include="..\..\include\esys\repo\manifest\type.h">
      <Filter>Header Files\manifest</Filter>
    </ClInclude>
    <ClInclude Include="..\..\include\esys\repo\configfolder.h">
      <Filter>Header Files</Filter>
    </ClInclude>
    <ClInclude Include="..\..\include\esys\repo\exe\cmdsync.h">
      <Filter>Header Files\exe</Filter>
    </ClInclude>
    <ClInclude Include="..\..\include\esys\repo\configfile.h">
      <Filter>Header Files</Filter>
    </ClInclude>
    <ClInclude Include="..\..\src\esys\repo\configfileimpl.h">
      <Filter>Source Files</Filter>
    </ClInclude>
    <ClInclude Include="..\..\include\esys\repo\config.h">
      <Filter>Header Files</Filter>
    </ClInclude>
    <ClInclude Include="..\..\include\esys\repo\manifest\xmlfile.h">
      <Filter>Header Files\manifest</Filter>
    </ClInclude>
    <ClInclude Include="..\..\include\esys\repo\manifest\jsonfile.h">
      <Filter>Header Files\manifest</Filter>
    </ClInclude>
    <ClInclude Include="..\..\src\esys\repo\manifest\xmlfileimpl.h">
      <Filter>Source Files\manifest</Filter>
    </ClInclude>
    <ClInclude Include="..\..\include\esys\repo\filesystem.h">
      <Filter>Header Files</Filter>
    </ClInclude>
    <ClInclude Include="..\..\include\esys\repo\config_defs.h">
      <Filter>Header Files</Filter>
    </ClInclude>
    <ClInclude Include="..\..\include\esys\repo\msvc\config_defs.h">
      <Filter>Header Files\msvc</Filter>
    </ClInclude>
    <ClInclude Include="..\..\include\esys\repo\cmake\config_defs.h">
      <Filter>Header Files\cmake</Filter>
    </ClInclude>
    <ClInclude Include="..\..\include\esys\repo\exe\cmd.h">
      <Filter>Header Files\exe</Filter>
    </ClInclude>
    <ClInclude Include="..\..\include\esys\repo\githelper.h">
      <Filter>Header Files</Filter>
    </ClInclude>
    <ClInclude Include="..\..\include\esys\repo\exe\cmdlist.h">
      <Filter>Header Files\exe</Filter>
    </ClInclude>
    <ClInclude Include="..\..\include\esys\repo\exe\cmdinfo.h">
      <Filter>Header Files\exe</Filter>
    </ClInclude>
    <ClInclude Include="..\..\include\esys\repo\manifest\loaderbase.h">
      <Filter>Header Files\manifest</Filter>
    </ClInclude>
    <ClInclude Include="..\..\include\esys\repo\manifest\loader.h">
      <Filter>Header Files\manifest</Filter>
    </ClInclude>
    <ClInclude Include="..\..\include\esys\repo\manifest\loadergrepo.h">
      <Filter>Header Files\manifest</Filter>
    </ClInclude>
    <ClInclude Include="..\..\include\esys\repo\manifest\loadergitsuper.h">
      <Filter>Header Files\manifest</Filter>
    </ClInclude>
    <ClInclude Include="..\..\include\esys\repo\manifest\loaderesysrepo.h">
      <Filter>Header Files\manifest</Filter>
    </ClInclude>
    <ClInclude Include="..\..\include\esys\repo\manifest\syncrepos.h">
      <Filter>Header Files\manifest</Filter>
    </ClInclude>
    <ClInclude Include="..\..\include\esys\repo\exe\cmdstatus.h">
      <Filter>Header Files\exe</Filter>
    </ClInclude>
    <ClInclude Include="..\..\include\esys\repo\git\status.h">
      <Filter>Header Files\git</Filter>
    </ClInclude>
    <ClInclude Include="..\..\include\esys\repo\git\statustype.h">
      <Filter>Header Files\git</Filter>
    </ClInclude>
    <ClInclude Include="..\..\include\esys\repo\git\statussubtype.h">
      <Filter>Header Files\git</Filter>
    </ClInclude>
    <ClInclude Include="..\..\include\esys\repo\git\repostatus.h">
      <Filter>Header Files\git</Filter>
    </ClInclude>
    <ClInclude Include="..\..\include\esys\repo\git\diffdelta.h">
      <Filter>Header Files\git</Filter>
    </ClInclude>
    <ClInclude Include="..\..\include\esys\repo\git\diffdeltatype.h">
      <Filter>Header Files\git</Filter>
    </ClInclude>
    <ClInclude Include="..\..\include\esys\repo\git\difffile.h">
      <Filter>Header Files\git</Filter>
    </ClInclude>
    <ClInclude Include="..\..\include\esys\repo\git\filestatus.h">
      <Filter>Header Files\git</Filter>
    </ClInclude>
    <ClInclude Include="..\..\include\esys\repo\git\mergeanalysisresult.h">
      <Filter>Header Files\git</Filter>
    </ClInclude>
    <ClInclude Include="..\..\include\esys\repo\git\fetchstep.h">
      <Filter>Header Files\git</Filter>
    </ClInclude>
    <ClInclude Include="..\..\include\esys\repo\manifest\taskbase.h">
      <Filter>Header Files\manifest</Filter>
    </ClInclude>
    <ClInclude Include="..\..\include\esys\repo\manifest\task_t.h">
      <Filter>Header Files\manifest</Filter>
    </ClInclude>
    <ClInclude Include="..\..\include\esys\repo\manifest\runtasks.h">
      <Filter>Header Files\manifest</Filter>
    </ClInclude>
    <ClInclude Include="..\..\include\esys\repo\queuemt.h">
      <Filter>Header Files</Filter>
    </ClInclude>
    <ClInclude Include="..\..\include\esys\repo\cmdlineapp.h">
      <Filter>Header Files</Filter>
    </ClInclude>
    <ClInclude Include="..\..\include\esys\repo\win32\cmdlineapp.h">
      <Filter>Header Files\win32</Filter>
    </ClInclude>
    <ClInclude Include="..\..\include\esys\repo\git\progress.h">
      <Filter>Header Files\git</Filter>
    </ClInclude>
    <ClInclude Include="..\..\include\esys\repo\progresscallbackbase.h">
      <Filter>Header Files</Filter>
    </ClInclude>
    <ClInclude Include="..\..\include\esys\repo\progresscallback_t.h">
      <Filter>Header Files</Filter>
    </ClInclude>
    <ClInclude Include="..\..\include\esys\repo\manifest\syncrepo.h">
      <Filter>Header Files\manifest</Filter>
    </ClInclude>
    <ClInclude Include="..\..\include\esys\repo\manifest\workerthread.h">
      <Filter>Header Files\manifest</Filter>
    </ClInclude>
    <ClInclude Include="..\..\include\esys\repo\git\updatetip.h">
      <Filter>Header Files\git</Filter>
    </ClInclude>
    <ClInclude Include="..\..\include\esys\repo\git\updatetiptype.h">
      <Filter>Header Files\git</Filter>
    </ClInclude>
    <ClInclude Include="..\..\include\esys\repo\git\branches.h">
      <Filter>Header Files\git</Filter>
    </ClInclude>
    <ClInclude Include="..\..\src\esys\repo\libgit2\guardassign.h">
      <Filter>Source Files\libgit2</Filter>
    </ClInclude>
    <ClInclude Include="..\..\include\esys\repo\git\resettype.h">
      <Filter>Header Files\git</Filter>
    </ClInclude>
    <ClInclude Include="..\..\include\esys\repo\manifest\sync.h">
      <Filter>Header Files\manifest</Filter>
    </ClInclude>
    <ClInclude Include="..\..\include\esys\repo\sshbase.h">
      <Filter>Header Files</Filter>
    </ClInclude>
    <ClInclude Include="..\..\include\esys\repo\libssh2\ssh.h">
      <Filter>Header Files\libssh2</Filter>
    </ClInclude>
    <ClInclude Include="..\..\src\esys\repo\libssh2\sshimpl.h">
      <Filter>Source Files\libssh2</Filter>
    </ClInclude>
    <ClInclude Include="..\..\include\esys\repo\ssh.h">
      <Filter>Header Files</Filter>
    </ClInclude>
    <ClInclude Include="..\..\src\esys\repo\libgit2\guards.h">
      <Filter>Source Files\libgit2</Filter>
    </ClInclude>
    <ClInclude Include="..\..\src\esys\repo\libgit2\guardsrelease.h">
      <Filter>Source Files\libgit2</Filter>
    </ClInclude>
    <ClInclude Include="..\..\include\esys\repo\manifest\group.h">
      <Filter>Header Files\manifest</Filter>
    </ClInclude>
    <ClInclude Include="..\..\include\esys\repo\manifest\groups.h">
      <Filter>Header Files\manifest</Filter>
    </ClInclude>
    <ClInclude Include="..\..\include\esys\repo\exe\cmdmanifest.h">
      <Filter>Header Files\exe</Filter>
    </ClInclude>
    <ClInclude Include="..\..\include\esys\repo\cli\app.h">
      <Filter>Header Files\cli</Filter>
    </ClInclude>
    <ClInclude Include="..\..\include\esys\repo\cli\cmdinit.h">
      <Filter>Header Files\cli</Filter>
    </ClInclude>
    <ClInclude Include="..\..\include\esys\repo\cli\cmd.h">
      <Filter>Header Files\cli</Filter>
    </ClInclude>
    <ClInclude Include="..\..\include\esys\repo\cli\cmd_t.h">
      <Filter>Header Files\cli</Filter>
    </ClInclude>
    <ClInclude Include="..\..\include\esys\repo\cli\appbase.h">
      <Filter>Header Files\cli</Filter>
    </ClInclude>
    <ClInclude Include="..\..\include\esys\repo\gitmngr.h">
      <Filter>Header Files</Filter>
    </ClInclude>
    <ClInclude Include="..\..\include\esys\repo\cli\cmdsync.h">
      <Filter>Header Files\cli</Filter>
    </ClInclude>
    <ClInclude Include="..\..\include\esys\repo\cli\cmdinfo.h">
      <Filter>Header Files\cli</Filter>
    </ClInclude>
    <ClInclude Include="..\..\include\esys\repo\cli\cmdlist.h">
      <Filter>Header Files\cli</Filter>
    </ClInclude>
    <ClInclude Include="..\..\include\esys\repo\cli\cmdmanifest.h">
      <Filter>Header Files\cli</Filter>
    </ClInclude>
    <ClInclude Include="..\..\include\esys\repo\cli\cmdstatus.h">
      <Filter>Header Files\cli</Filter>
    </ClInclude>
    <ClInclude Include="..\..\include\esys\repo\cli\cmdversion.h">
      <Filter>Header Files\cli</Filter>
    </ClInclude>
    <ClInclude Include="..\..\include\esys\repo\exe\cmdversion.h">
      <Filter>Header Files\exe</Filter>
    </ClInclude>
    <ClInclude Include="..\..\include\esys\repo\cli\cmdhelp.h">
      <Filter>Header Files\cli</Filter>
    </ClInclude>
    <ClInclude Include="..\..\include\esys\repo\exe\cmdhelp.h">
      <Filter>Header Files\exe</Filter>
    </ClInclude>
    <ClInclude Include="..\..\include\esys\repo\manifest\kind.h">
      <Filter>Header Files\manifest</Filter>
    </ClInclude>
    <ClInclude Include="..\..\include\esys\repo\manifest\format.h">
      <Filter>Header Files\manifest</Filter>
    </ClInclude>
    <ClInclude Include="..\..\include\esys\repo\manifest\filebase.h">
      <Filter>Header Files\manifest</Filter>
    </ClInclude>
    <ClInclude Include="..\..\include\esys\repo\manifest\file.h">
      <Filter>Header Files\manifest</Filter>
    </ClInclude>
    <ClInclude Include="..\..\include\esys\repo\manifest\fileerror.h">
      <Filter>Header Files\manifest</Filter>
    </ClInclude>
    <ClInclude Include="..\..\include\esys\repo\manifest\base.h">
      <Filter>Header Files\manifest</Filter>
    </ClInclude>
    <ClInclude Include="..\..\include\esys\repo\git\filemode.h">
      <Filter>Header Files\git</Filter>
    </ClInclude>
    <ClInclude Include="..\..\include\esys\repo\cli\cmdenv.h">
      <Filter>Header Files\cli</Filter>
    </ClInclude>
    <ClInclude Include="..\..\include\esys\repo\exe\cmdenv.h">
      <Filter>Header Files\exe</Filter>
    </ClInclude>
    <ClInclude Include="..\..\include\esys\repo\git\walkcommit.h">
      <Filter>Header Files\git</Filter>
    </ClInclude>
    <ClInclude Include="..\..\include\esys\repo\git\commithash.h">
      <Filter>Header Files\git</Filter>
    </ClInclude>
    <ClInclude Include="..\..\include\esys\repo\git\commit.h">
      <Filter>Header Files\git</Filter>
    </ClInclude>
    <ClInclude Include="..\..\include\esys\repo\gitstats\author.h">
      <Filter>Header Files\gitstats</Filter>
    </ClInclude>
    <ClInclude Include="..\..\include\esys\repo\gitstats\data.h">
      <Filter>Header Files\gitstats</Filter>
    </ClInclude>
    <ClInclude Include="..\..\include\esys\repo\gitstats\datayear.h">
      <Filter>Header Files\gitstats</Filter>
    </ClInclude>
    <ClInclude Include="..\..\include\esys\repo\gitstats\dataperiod.h">
      <Filter>Header Files\gitstats</Filter>
    </ClInclude>
    <ClInclude Include="..\..\include\esys\repo\gitstats\dataperiodauthor.h">
      <Filter>Header Files\gitstats</Filter>
    </ClInclude>
    <ClInclude Include="..\..\include\esys\repo\gitstats\basic.h">
      <Filter>Header Files\gitstats</Filter>
    </ClInclude>
    <ClInclude Include="..\..\include\esys\repo\gitstats\authormngr.h">
      <Filter>Header Files\gitstats</Filter>
    </ClInclude>
    <ClInclude Include="..\..\include\esys\repo\git\diff.h">
      <Filter>Header Files\git</Filter>
    </ClInclude>
    <ClInclude Include="..\..\include\esys\repo\resultcode.h">
      <Filter>Header Files</Filter>
    </ClInclude>
    <ClInclude Include="..\..\include\esys\repo\result.h">
      <Filter>Header Files</Filter>
    </ClInclude>
    <ClInclude Include="..\..\include\esys\repo\errorinfo.h">
      <Filter>Header Files</Filter>
    </ClInclude>
    <ClInclude Include="..\..\include\esys\repo\manifest\detect.h">
      <Filter>Header Files\manifest</Filter>
    </ClInclude>
    <ClInclude Include="..\..\include\esys\repo\grepo\folder.h">
      <Filter>Header Files\grepo</Filter>
    </ClInclude>
    <ClInclude Include="..\..\include\esys\repo\manifest\include.h">
      <Filter>Header Files\manifest</Filter>
    </ClInclude>
    <ClInclude Include="..\..\include\esys\repo\loadfolder.h">
      <Filter>Header Files</Filter>
    </ClInclude>
    <ClInclude Include="..\..\include\esys\repo\errorstack.h">
      <Filter>Header Files</Filter>
    </ClInclude>
  </ItemGroup>
  <ItemGroup>
    <ResourceCompile Include="..\..\res\esysrepo.rc">
      <Filter>Resource Files</Filter>
    </ResourceCompile>
  </ItemGroup>
  <ItemGroup>
    <Text Include="..\..\src\esys\repo\CMakeLists.txt">
      <Filter>Source Files</Filter>
    </Text>
  </ItemGroup>
</Project>
